{
  "name": "tienda-frontend",
  "version": "1.0.0",
  "lockfileVersion": 3,
  "requires": true,
  "packages": {
    "": {
      "name": "tienda-frontend",
      "version": "1.0.0",
      "devDependencies": {
        "@playwright/test": "^1.40.0",
        "esbuild": "^0.19.0"
      }
    }
  }
}
{
  "name": "tienda-frontend",
  "version": "1.0.0",
  "lockfileVersion": 3,
  "requires": true,
  "packages": {
    "": {
      "name": "tienda-frontend",
      "version": "1.0.0",
      "devDependencies": {
        "@playwright/test": "^1.40.0",
        "esbuild": "^0.19.0"
      }
    }
  }
}
